
Microsoft Visual Studio Solution File, Format Version 12.00
# Visual Studio Version 17
VisualStudioVersion = 17.7.34024.191
MinimumVisualStudioVersion = 10.0.40219.1
Project("{FAE04EC0-301F-11D3-BF4B-00C04F79EFBC}") = "AnketWINFORM", "AnketWINFORM\AnketWINFORM.csproj", "{96AC2440-C64F-4220-8327-0EDC9C416460}"
EndProject
Global
	GlobalSection(SolutionConfigurationPlatforms) = preSolution
		Debug|Any CPU = Debug|Any CPU
		Release|Any CPU = Release|Any CPU
	EndGlobalSection
	GlobalSection(ProjectConfigurationPlatforms) = postSolution
		{96AC2440-C64F-4220-8327-0EDC9C416460}.Debug|Any CPU.ActiveCfg = Debug|Any CPU
		{96AC2440-C64F-4220-8327-0EDC9C416460}.Debug|Any CPU.Build.0 = Debug|Any CPU
		{96AC2440-C64F-4220-8327-0EDC9C416460}.Release|Any CPU.ActiveCfg = Release|Any CPU
		{96AC2440-C64F-4220-8327-0EDC9C416460}.Release|Any CPU.Build.0 = Release|Any CPU
	EndGlobalSection
	GlobalSection(SolutionProperties) = preSolution
		HideSolutionNode = FALSE
	EndGlobalSection
	GlobalSection(ExtensibilityGlobals) = postSolution
		SolutionGuid = {80E7AA99-D92E-4B56-9B06-4642E8D081C6}
	EndGlobalSection
EndGlobal
